<?xml version="1.0" encoding="utf-8"?>
<Project ToolsVersion="4.0" xmlns="http://schemas.microsoft.com/developer/msbuild/2003">
  <ItemGroup>
    <Filter Include="Source Files">
      <UniqueIdentifier>{4FC737F1-C7A5-4376-A066-2A32D752A2FF}</UniqueIdentifier>
      <Extensions>cpp;c;cc;cxx;c++;cppm;ixx;def;odl;idl;hpj;bat;asm;asmx</Extensions>
    </Filter>
    <Filter Include="Header Files">
      <UniqueIdentifier>{93995380-89BD-4b04-88EB-625FBE52EBFB}</UniqueIdentifier>
      <Extensions>h;hh;hpp;hxx;h++;hm;inl;inc;ipp;xsd</Extensions>
    </Filter>
    <Filter Include="Resource Files">
      <UniqueIdentifier>{67DA6AB6-F800-4c08-8B7A-83BB121AAD01}</UniqueIdentifier>
      <Extensions>rc;ico;cur;bmp;dlg;rc2;rct;bin;rgs;gif;jpg;jpeg;jpe;resx;tiff;tif;png;wav;mfcribbon-ms</Extensions>
    </Filter>
  </ItemGroup>
  <ItemGroup>
    <ClCompile Include="26_template typename T int double string.cpp">
      <Filter>Source Files</Filter>
    </ClCompile>
    <ClCompile Include="27_define inline template.cpp">
      <Filter>Source Files</Filter>
    </ClCompile>
    <ClCompile Include="29-1_template specialization printarr.cpp">
      <Filter>Source Files</Filter>
    </ClCompile>
    <ClCompile Include="29-2_template swap function overloading.cpp">
      <Filter>Source Files</Filter>
    </ClCompile>
    <ClCompile Include="30_template typename T1 T2 isEqual.cpp">
      <Filter>Source Files</Filter>
    </ClCompile>
    <ClCompile Include="32_template Box class.cpp">
      <Filter>Source Files</Filter>
    </ClCompile>
    <ClCompile Include="33_template Person class with box header file.cpp">
      <Filter>Source Files</Filter>
    </ClCompile>
    <ClCompile Include="34-1_template class inheritance general child class.cpp">
      <Filter>Source Files</Filter>
    </ClCompile>
    <ClCompile Include="34-2_template class inheritance template child class.cpp">
      <Filter>Source Files</Filter>
    </ClCompile>
    <ClCompile Include="35-1_template getSmallest new list delete.cpp">
      <Filter>Source Files</Filter>
    </ClCompile>
    <ClCompile Include="35-2_template Circle class getArea.cpp">
      <Filter>Source Files</Filter>
    </ClCompile>
    <ClCompile Include="37_Nontype Template Arguments.cpp">
      <Filter>Source Files</Filter>
    </ClCompile>
    <ClCompile Include="38_Variadic Template.cpp">
      <Filter>Source Files</Filter>
    </ClCompile>
    <ClCompile Include="39_type_traits+static_assert.cpp">
      <Filter>Source Files</Filter>
    </ClCompile>
  </ItemGroup>
  <ItemGroup>
    <ClInclude Include="Box_template_class.h">
      <Filter>Header Files</Filter>
    </ClInclude>
  </ItemGroup>
</Project>