<?xml version="1.0" encoding="utf-8"?>
<Project ToolsVersion="4.0" xmlns="http://schemas.microsoft.com/developer/msbuild/2003">
  <ItemGroup>
    <Filter Include="Source Files">
      <UniqueIdentifier>{4FC737F1-C7A5-4376-A066-2A32D752A2FF}</UniqueIdentifier>
      <Extensions>cpp;c;cc;cxx;c++;cppm;ixx;def;odl;idl;hpj;bat;asm;asmx</Extensions>
    </Filter>
    <Filter Include="Header Files">
      <UniqueIdentifier>{93995380-89BD-4b04-88EB-625FBE52EBFB}</UniqueIdentifier>
      <Extensions>h;hh;hpp;hxx;h++;hm;inl;inc;ipp;xsd</Extensions>
    </Filter>
    <Filter Include="Resource Files">
      <UniqueIdentifier>{67DA6AB6-F800-4c08-8B7A-83BB121AAD01}</UniqueIdentifier>
      <Extensions>rc;ico;cur;bmp;dlg;rc2;rct;bin;rgs;gif;jpg;jpeg;jpe;resx;tiff;tif;png;wav;mfcribbon-ms</Extensions>
    </Filter>
  </ItemGroup>
  <ItemGroup>
    <ClCompile Include="34_연산자 중복정의 operator +  to_sting%28this x%29 MyVector2d class.cpp">
      <Filter>Source Files</Filter>
    </ClCompile>
    <ClCompile Include="35_연산자 중복정의 operator == != boolalpha Time class.cpp">
      <Filter>Source Files</Filter>
    </ClCompile>
    <ClCompile Include="37_연산자 중복정의 ++ 전위 후위 증감의 차이점 Counter class.cpp">
      <Filter>Source Files</Filter>
    </ClCompile>
    <ClCompile Include="39_연산자 중복정의 = 대입연산자와 복사생성자 기본생성자 구별 Box class.cpp">
      <Filter>Source Files</Filter>
    </ClCompile>
    <ClCompile Include="40_연산자 중복정의 = 대입연산자로 인한 얕은복사의 문제점과 깊은복사로 해결 Member class.cpp">
      <Filter>Source Files</Filter>
    </ClCompile>
    <ClCompile Include="41_연산자 중복정의 [] MyArray class.cpp">
      <Filter>Source Files</Filter>
    </ClCompile>
    <ClCompile Include="42_연산자 중복정의 []와 =대입방지 Dynamic_array class.cpp">
      <Filter>Source Files</Filter>
    </ClCompile>
    <ClCompile Include="44_연산자 중복정의 멤버접근연산자 별표 화살표 Number.cpp">
      <Filter>Source Files</Filter>
    </ClCompile>
    <ClCompile Include="45_연산자 중복정의 활용 스마트포인터 구현 Point Smartpoint class.cpp">
      <Filter>Source Files</Filter>
    </ClCompile>
    <ClCompile Include="47_friend 함수와 friend 클래스.cpp">
      <Filter>Source Files</Filter>
    </ClCompile>
  </ItemGroup>
  <ItemGroup>
    <ClInclude Include="MyVector2d.h">
      <Filter>Header Files</Filter>
    </ClInclude>
    <ClInclude Include="Time.h">
      <Filter>Header Files</Filter>
    </ClInclude>
    <ClInclude Include="Counter.h">
      <Filter>Header Files</Filter>
    </ClInclude>
    <ClInclude Include="Box.h">
      <Filter>Header Files</Filter>
    </ClInclude>
    <ClInclude Include="Member.h">
      <Filter>Header Files</Filter>
    </ClInclude>
    <ClInclude Include="MyArray.h">
      <Filter>Header Files</Filter>
    </ClInclude>
    <ClInclude Include="Dynamic_array.h">
      <Filter>Header Files</Filter>
    </ClInclude>
    <ClInclude Include="Number.h">
      <Filter>Header Files</Filter>
    </ClInclude>
    <ClInclude Include="Smartpoint.h">
      <Filter>Header Files</Filter>
    </ClInclude>
    <ClInclude Include="Point.h">
      <Filter>Header Files</Filter>
    </ClInclude>
    <ClInclude Include="Date.h">
      <Filter>Header Files</Filter>
    </ClInclude>
    <ClInclude Include="Complex.h">
      <Filter>Header Files</Filter>
    </ClInclude>
    <ClInclude Include="Student.h">
      <Filter>Header Files</Filter>
    </ClInclude>
    <ClInclude Include="Person.h">
      <Filter>Header Files</Filter>
    </ClInclude>
  </ItemGroup>
</Project>