<?xml version="1.0" encoding="utf-8"?>
<Project ToolsVersion="4.0" xmlns="http://schemas.microsoft.com/developer/msbuild/2003">
  <ItemGroup>
    <Filter Include="Source Files">
      <UniqueIdentifier>{4FC737F1-C7A5-4376-A066-2A32D752A2FF}</UniqueIdentifier>
      <Extensions>cpp;c;cc;cxx;c++;cppm;ixx;def;odl;idl;hpj;bat;asm;asmx</Extensions>
    </Filter>
    <Filter Include="Header Files">
      <UniqueIdentifier>{93995380-89BD-4b04-88EB-625FBE52EBFB}</UniqueIdentifier>
      <Extensions>h;hh;hpp;hxx;h++;hm;inl;inc;ipp;xsd</Extensions>
    </Filter>
    <Filter Include="Resource Files">
      <UniqueIdentifier>{67DA6AB6-F800-4c08-8B7A-83BB121AAD01}</UniqueIdentifier>
      <Extensions>rc;ico;cur;bmp;dlg;rc2;rct;bin;rgs;gif;jpg;jpeg;jpe;resx;tiff;tif;png;wav;mfcribbon-ms</Extensions>
    </Filter>
  </ItemGroup>
  <ItemGroup>
    <ClCompile Include="54_상속관계 생성자 소멸자 순서 호출가능멤버 protected car sportsCar class.cpp">
      <Filter>Source Files</Filter>
    </ClCompile>
    <ClCompile Include="55_상속관계 메모리크기 print set shape rect class.cpp">
      <Filter>Source Files</Filter>
    </ClCompile>
    <ClCompile Include="57_상속관계 추상화 Tv class.cpp">
      <Filter>Source Files</Filter>
    </ClCompile>
    <ClCompile Include="60_상속 접근지정자 student member class.cpp">
      <Filter>Source Files</Filter>
    </ClCompile>
    <ClCompile Include="61_오버라~이~딩과 오버로딩 animal cat dog class.cpp">
      <Filter>Source Files</Filter>
    </ClCompile>
    <ClCompile Include="62_범위연산자로 부모클래스의 멤버함수 멤버변수 호출 child parent class.cpp">
      <Filter>Source Files</Filter>
    </ClCompile>
    <ClCompile Include="65-1_다중상속 오류없는 버전.cpp">
      <Filter>Source Files</Filter>
    </ClCompile>
    <ClCompile Include="65-2_다중상속 ambiguous error 범위 연산자로 해결.cpp">
      <Filter>Source Files</Filter>
    </ClCompile>
    <ClCompile Include="66_상속관계 오버라이딩 부모생성자 컨트롤 employee Manager class.cpp">
      <Filter>Source Files</Filter>
    </ClCompile>
  </ItemGroup>
  <ItemGroup>
    <ClInclude Include="sportsCar.h">
      <Filter>Header Files</Filter>
    </ClInclude>
    <ClInclude Include="car.h">
      <Filter>Header Files</Filter>
    </ClInclude>
    <ClInclude Include="shape.h">
      <Filter>Header Files</Filter>
    </ClInclude>
    <ClInclude Include="rectangle.h">
      <Filter>Header Files</Filter>
    </ClInclude>
    <ClInclude Include="Tv.h">
      <Filter>Header Files</Filter>
    </ClInclude>
    <ClInclude Include="wideTv.h">
      <Filter>Header Files</Filter>
    </ClInclude>
    <ClInclude Include="smartTv.h">
      <Filter>Header Files</Filter>
    </ClInclude>
    <ClInclude Include="colorTv.h">
      <Filter>Header Files</Filter>
    </ClInclude>
    <ClInclude Include="member.h">
      <Filter>Header Files</Filter>
    </ClInclude>
    <ClInclude Include="student_Member.h">
      <Filter>Header Files</Filter>
    </ClInclude>
    <ClInclude Include="animal.h">
      <Filter>Header Files</Filter>
    </ClInclude>
    <ClInclude Include="cat.h">
      <Filter>Header Files</Filter>
    </ClInclude>
    <ClInclude Include="dog.h">
      <Filter>Header Files</Filter>
    </ClInclude>
    <ClInclude Include="parent_class.h">
      <Filter>Header Files</Filter>
    </ClInclude>
    <ClInclude Include="child_class.h">
      <Filter>Header Files</Filter>
    </ClInclude>
  </ItemGroup>
</Project>