<?xml version="1.0" encoding="utf-8"?>
<Project ToolsVersion="4.0" xmlns="http://schemas.microsoft.com/developer/msbuild/2003">
  <ItemGroup>
    <Filter Include="Source Files">
      <UniqueIdentifier>{4FC737F1-C7A5-4376-A066-2A32D752A2FF}</UniqueIdentifier>
      <Extensions>cpp;c;cc;cxx;c++;cppm;ixx;def;odl;idl;hpj;bat;asm;asmx</Extensions>
    </Filter>
    <Filter Include="Header Files">
      <UniqueIdentifier>{93995380-89BD-4b04-88EB-625FBE52EBFB}</UniqueIdentifier>
      <Extensions>h;hh;hpp;hxx;h++;hm;inl;inc;ipp;xsd</Extensions>
    </Filter>
    <Filter Include="Resource Files">
      <UniqueIdentifier>{67DA6AB6-F800-4c08-8B7A-83BB121AAD01}</UniqueIdentifier>
      <Extensions>rc;ico;cur;bmp;dlg;rc2;rct;bin;rgs;gif;jpg;jpeg;jpe;resx;tiff;tif;png;wav;mfcribbon-ms</Extensions>
    </Filter>
  </ItemGroup>
  <ItemGroup>
    <ClCompile Include="20_복사생성자 호출시점 3가지.cpp">
      <Filter>Source Files</Filter>
    </ClCompile>
    <ClCompile Include="21_복사생성자 얕은복사의 문제점 동적메모리 공유.cpp">
      <Filter>Source Files</Filter>
    </ClCompile>
    <ClCompile Include="22_복사생성자 깊은복사로 문제해결 및 호출시점 복습.cpp">
      <Filter>Source Files</Filter>
    </ClCompile>
    <ClCompile Include="23_복사생성자 호출 안되는 시점과 = ==연산자.cpp">
      <Filter>Source Files</Filter>
    </ClCompile>
    <ClCompile Include="26_Has-a Student Date class.cpp">
      <Filter>Source Files</Filter>
    </ClCompile>
    <ClCompile Include="27_Is-a shape Rectangle class.cpp">
      <Filter>Source Files</Filter>
    </ClCompile>
    <ClCompile Include="28_정적변수의 값 변화과정 메모리 주소 접근방법 staticCircle class.cpp">
      <Filter>Source Files</Filter>
    </ClCompile>
    <ClCompile Include="29_정적함수를 이용한 엉터리 claculator class.cpp">
      <Filter>Source Files</Filter>
    </ClCompile>
    <ClCompile Include="Source.cpp">
      <Filter>Source Files</Filter>
    </ClCompile>
  </ItemGroup>
  <ItemGroup>
    <ClInclude Include="Person.h">
      <Filter>Header Files</Filter>
    </ClInclude>
    <ClInclude Include="MyArray_deepcopy.h">
      <Filter>Header Files</Filter>
    </ClInclude>
    <ClInclude Include="MyArray_shallowcopy.h">
      <Filter>Header Files</Filter>
    </ClInclude>
    <ClInclude Include="Member.h">
      <Filter>Header Files</Filter>
    </ClInclude>
    <ClInclude Include="Date.h">
      <Filter>Header Files</Filter>
    </ClInclude>
    <ClInclude Include="Student.h">
      <Filter>Header Files</Filter>
    </ClInclude>
    <ClInclude Include="Shape.h">
      <Filter>Header Files</Filter>
    </ClInclude>
    <ClInclude Include="Rectangle.h">
      <Filter>Header Files</Filter>
    </ClInclude>
    <ClInclude Include="staticCircle.h">
      <Filter>Header Files</Filter>
    </ClInclude>
    <ClInclude Include="Calculator.h">
      <Filter>Header Files</Filter>
    </ClInclude>
    <ClInclude Include="Camera.h">
      <Filter>Header Files</Filter>
    </ClInclude>
  </ItemGroup>
</Project>