<?xml version="1.0" encoding="utf-8"?>
<Project ToolsVersion="4.0" xmlns="http://schemas.microsoft.com/developer/msbuild/2003">
  <ItemGroup>
    <Filter Include="Source Files">
      <UniqueIdentifier>{4FC737F1-C7A5-4376-A066-2A32D752A2FF}</UniqueIdentifier>
      <Extensions>cpp;c;cc;cxx;c++;cppm;ixx;def;odl;idl;hpj;bat;asm;asmx</Extensions>
    </Filter>
    <Filter Include="Header Files">
      <UniqueIdentifier>{93995380-89BD-4b04-88EB-625FBE52EBFB}</UniqueIdentifier>
      <Extensions>h;hh;hpp;hxx;h++;hm;inl;inc;ipp;xsd</Extensions>
    </Filter>
    <Filter Include="Resource Files">
      <UniqueIdentifier>{67DA6AB6-F800-4c08-8B7A-83BB121AAD01}</UniqueIdentifier>
      <Extensions>rc;ico;cur;bmp;dlg;rc2;rct;bin;rgs;gif;jpg;jpeg;jpe;resx;tiff;tif;png;wav;mfcribbon-ms</Extensions>
    </Filter>
  </ItemGroup>
  <ItemGroup>
    <ClCompile Include="03-1_텍스트파일출력_RAII패턴버전.cpp">
      <Filter>Source Files</Filter>
    </ClCompile>
    <ClCompile Include="03-2_텍스트파일출력_순수버전.cpp">
      <Filter>Source Files</Filter>
    </ClCompile>
    <ClCompile Include="05_텍스트파일읽기 get%28%29 getline%28%29.cpp">
      <Filter>Source Files</Filter>
    </ClCompile>
    <ClCompile Include="06_temp읽기.cpp">
      <Filter>Source Files</Filter>
    </ClCompile>
    <ClCompile Include="08-1_utf-8한글scores읽기.cpp">
      <Filter>Source Files</Filter>
    </ClCompile>
    <ClCompile Include="08-2_ctrlZ로입력중지.cpp">
      <Filter>Source Files</Filter>
    </ClCompile>
    <ClCompile Include="08-3_str변수에저장하기.cpp">
      <Filter>Source Files</Filter>
    </ClCompile>
    <ClCompile Include="09_cout출력서식설정cout.setf%28%29.cpp">
      <Filter>Source Files</Filter>
    </ClCompile>
    <ClCompile Include="10_텍스트파일불러와 수정후 다른이름으로 저장하기.cpp">
      <Filter>Source Files</Filter>
    </ClCompile>
    <ClCompile Include="12_이진파일 write%28%29 read%28%29.cpp">
      <Filter>Source Files</Filter>
    </ClCompile>
    <ClCompile Include="13_이진파일 복사하기 rdbuf%28%29.cpp">
      <Filter>Source Files</Filter>
    </ClCompile>
    <ClCompile Include="14_이진파일 복사비 while_putget_buffer.cpp">
      <Filter>Source Files</Filter>
    </ClCompile>
    <ClCompile Include="16_이진파일 Random Access seekg%28%29 tellg%28%29.cpp">
      <Filter>Source Files</Filter>
    </ClCompile>
    <ClCompile Include="17_인적사항무한루프저장하기.cpp">
      <Filter>Source Files</Filter>
    </ClCompile>
  </ItemGroup>
  <ItemGroup>
    <ClInclude Include="user.h">
      <Filter>Header Files</Filter>
    </ClInclude>
  </ItemGroup>
</Project>